
Microsoft Visual Studio Solution File, Format Version 12.00
# Visual Studio Version 17
VisualStudioVersion = 17.13.35806.99 d17.13
MinimumVisualStudioVersion = 10.0.40219.1
Project("{FAE04EC0-301F-11D3-BF4B-00C04F79EFBC}") = "TallerHerencia", "TallerHerencia\TallerHerencia.csproj", "{CA1B4D11-3D2F-4987-83F0-E97AED9112BB}"
EndProject
Global
	GlobalSection(SolutionConfigurationPlatforms) = preSolution
		Debug|Any CPU = Debug|Any CPU
		Release|Any CPU = Release|Any CPU
	EndGlobalSection
	GlobalSection(ProjectConfigurationPlatforms) = postSolution
		{CA1B4D11-3D2F-4987-83F0-E97AED9112BB}.Debug|Any CPU.ActiveCfg = Debug|Any CPU
		{CA1B4D11-3D2F-4987-83F0-E97AED9112BB}.Debug|Any CPU.Build.0 = Debug|Any CPU
		{CA1B4D11-3D2F-4987-83F0-E97AED9112BB}.Release|Any CPU.ActiveCfg = Release|Any CPU
		{CA1B4D11-3D2F-4987-83F0-E97AED9112BB}.Release|Any CPU.Build.0 = Release|Any CPU
	EndGlobalSection
	GlobalSection(SolutionProperties) = preSolution
		HideSolutionNode = FALSE
	EndGlobalSection
	GlobalSection(ExtensibilityGlobals) = postSolution
		SolutionGuid = {DC427B6B-C9CB-4E62-83C0-C97FC8AD7600}
	EndGlobalSection
EndGlobal
